// !$*UTF8*$!
{
	archiveVersion = 1;
	classes = {
	};
	objectVersion = 50;
	objects = {

/* Begin PBXBuildFile section */
		28E762D3221339C2008BD3D4 /* AppDelegate.swift in Sources */ = {isa = PBXBuildFile; fileRef = 28E762D2221339C2008BD3D4 /* AppDelegate.swift */; };
		28E762D5221339C2008BD3D4 /* ViewController.swift in Sources */ = {isa = PBXBuildFile; fileRef = 28E762D4221339C2008BD3D4 /* ViewController.swift */; };
		28E762DA221339C4008BD3D4 /* Assets.xcassets in Resources */ = {isa = PBXBuildFile; fileRef = 28E762D9221339C4008BD3D4 /* Assets.xcassets */; };
		28E762DD221339C4008BD3D4 /* LaunchScreen.storyboard in Resources */ = {isa = PBXBuildFile; fileRef = 28E762DB221339C4008BD3D4 /* LaunchScreen.storyboard */; };
		28E762E5221339DE008BD3D4 /* Coordinator.swift in Sources */ = {isa = PBXBuildFile; fileRef = 28E762E4221339DE008BD3D4 /* Coordinator.swift */; };
		28E762E722133A1B008BD3D4 /* MainCoordinator.swift in Sources */ = {isa = PBXBuildFile; fileRef = 28E762E622133A1B008BD3D4 /* MainCoordinator.swift */; };
		28E762E922133B63008BD3D4 /* DetailCoordinator.swift in Sources */ = {isa = PBXBuildFile; fileRef = 28E762E822133B63008BD3D4 /* DetailCoordinator.swift */; };
		28E7633922134B5C008BD3D4 /* DetailViewController.swift in Sources */ = {isa = PBXBuildFile; fileRef = 28E7633822134B5C008BD3D4 /* DetailViewController.swift */; };
/* End PBXBuildFile section */

/* Begin PBXFileReference section */
		28E762CF221339C2008BD3D4 /* ChildCoordinatorBasedCoordinator.app */ = {isa = PBXFileReference; explicitFileType = wrapper.application; includeInIndex = 0; path = ChildCoordinatorBasedCoordinator.app; sourceTree = BUILT_PRODUCTS_DIR; };
		28E762D2221339C2008BD3D4 /* AppDelegate.swift */ = {isa = PBXFileReference; lastKnownFileType = sourcecode.swift; path = AppDelegate.swift; sourceTree = "<group>"; };
		28E762D4221339C2008BD3D4 /* ViewController.swift */ = {isa = PBXFileReference; lastKnownFileType = sourcecode.swift; path = ViewController.swift; sourceTree = "<group>"; };
		28E762D9221339C4008BD3D4 /* Assets.xcassets */ = {isa = PBXFileReference; lastKnownFileType = folder.assetcatalog; path = Assets.xcassets; sourceTree = "<group>"; };
		28E762DC221339C4008BD3D4 /* Base */ = {isa = PBXFileReference; lastKnownFileType = file.storyboard; name = Base; path = Base.lproj/LaunchScreen.storyboard; sourceTree = "<group>"; };
		28E762DE221339C4008BD3D4 /* Info.plist */ = {isa = PBXFileReference; lastKnownFileType = text.plist.xml; path = Info.plist; sourceTree = "<group>"; };
		28E762E4221339DE008BD3D4 /* Coordinator.swift */ = {isa = PBXFileReference; lastKnownFileType = sourcecode.swift; path = Coordinator.swift; sourceTree = "<group>"; };
		28E762E622133A1B008BD3D4 /* MainCoordinator.swift */ = {isa = PBXFileReference; lastKnownFileType = sourcecode.swift; path = MainCoordinator.swift; sourceTree = "<group>"; };
		28E762E822133B63008BD3D4 /* DetailCoordinator.swift */ = {isa = PBXFileReference; lastKnownFileType = sourcecode.swift; path = DetailCoordinator.swift; sourceTree = "<group>"; };
		28E7633822134B5C008BD3D4 /* DetailViewController.swift */ = {isa = PBXFileReference; lastKnownFileType = sourcecode.swift; path = DetailViewController.swift; sourceTree = "<group>"; };
/* End PBXFileReference section */

/* Begin PBXFrameworksBuildPhase section */
		28E762CC221339C2008BD3D4 /* Frameworks */ = {
			isa = PBXFrameworksBuildPhase;
			buildActionMask = 2147483647;
			files = (
			);
			runOnlyForDeploymentPostprocessing = 0;
		};
/* End PBXFrameworksBuildPhase section */

/* Begin PBXGroup section */
		28E762C6221339C2008BD3D4 = {
			isa = PBXGroup;
			children = (
				28E762D1221339C2008BD3D4 /* ChildCoordinatorBasedCoordinator */,
				28E762D0221339C2008BD3D4 /* Products */,
			);
			sourceTree = "<group>";
		};
		28E762D0221339C2008BD3D4 /* Products */ = {
			isa = PBXGroup;
			children = (
				28E762CF221339C2008BD3D4 /* ChildCoordinatorBasedCoordinator.app */,
			);
			name = Products;
			sourceTree = "<group>";
		};
		28E762D1221339C2008BD3D4 /* ChildCoordinatorBasedCoordinator */ = {
			isa = PBXGroup;
			children = (
				28E762D2221339C2008BD3D4 /* AppDelegate.swift */,
				28E762E4221339DE008BD3D4 /* Coordinator.swift */,
				28E762E622133A1B008BD3D4 /* MainCoordinator.swift */,
				28E762E822133B63008BD3D4 /* DetailCoordinator.swift */,
				28E7633822134B5C008BD3D4 /* DetailViewController.swift */,
				28E762D4221339C2008BD3D4 /* ViewController.swift */,
				28E762D9221339C4008BD3D4 /* Assets.xcassets */,
				28E762DB221339C4008BD3D4 /* LaunchScreen.storyboard */,
				28E762DE221339C4008BD3D4 /* Info.plist */,
			);
			path = ChildCoordinatorBasedCoordinator;
			sourceTree = "<group>";
		};
/* End PBXGroup section */

/* Begin PBXNativeTarget section */
		28E762CE221339C2008BD3D4 /* ChildCoordinatorBasedCoordinator */ = {
			isa = PBXNativeTarget;
			buildConfigurationList = 28E762E1221339C4008BD3D4 /* Build configuration list for PBXNativeTarget "ChildCoordinatorBasedCoordinator" */;
			buildPhases = (
				28E762CB221339C2008BD3D4 /* Sources */,
				28E762CC221339C2008BD3D4 /* Frameworks */,
				28E762CD221339C2008BD3D4 /* Resources */,
			);
			buildRules = (
			);
			dependencies = (
			);
			name = ChildCoordinatorBasedCoordinator;
			productName = ChildCoordinatorBasedCoordinator;
			productReference = 28E762CF221339C2008BD3D4 /* ChildCoordinatorBasedCoordinator.app */;
			productType = "com.apple.product-type.application";
		};
/* End PBXNativeTarget section */

/* Begin PBXProject section */
		28E762C7221339C2008BD3D4 /* Project object */ = {
			isa = PBXProject;
			attributes = {
				LastSwiftUpdateCheck = 1010;
				LastUpgradeCheck = 1010;
				ORGANIZATIONNAME = jonathan.p.bijos;
				TargetAttributes = {
					28E762CE221339C2008BD3D4 = {
						CreatedOnToolsVersion = 10.1;
					};
				};
			};
			buildConfigurationList = 28E762CA221339C2008BD3D4 /* Build configuration list for PBXProject "ChildCoordinatorBasedCoordinator" */;
			compatibilityVersion = "Xcode 9.3";
			developmentRegion = en;
			hasScannedForEncodings = 0;
			knownRegions = (
				en,
				Base,
			);
			mainGroup = 28E762C6221339C2008BD3D4;
			productRefGroup = 28E762D0221339C2008BD3D4 /* Products */;
			projectDirPath = "";
			projectRoot = "";
			targets = (
				28E762CE221339C2008BD3D4 /* ChildCoordinatorBasedCoordinator */,
			);
		};
/* End PBXProject section */

/* Begin PBXResourcesBuildPhase section */
		28E762CD221339C2008BD3D4 /* Resources */ = {
			isa = PBXResourcesBuildPhase;
			buildActionMask = 2147483647;
			files = (
				28E762DD221339C4008BD3D4 /* LaunchScreen.storyboard in Resources */,
				28E762DA221339C4008BD3D4 /* Assets.xcassets in Resources */,
			);
			runOnlyForDeploymentPostprocessing = 0;
		};
/* End PBXResourcesBuildPhase section */

/* Begin PBXSourcesBuildPhase section */
		28E762CB221339C2008BD3D4 /* Sources */ = {
			isa = PBXSourcesBuildPhase;
			buildActionMask = 2147483647;
			files = (
				28E762D5221339C2008BD3D4 /* ViewController.swift in Sources */,
				28E762E722133A1B008BD3D4 /* MainCoordinator.swift in Sources */,
				28E762D3221339C2008BD3D4 /* AppDelegate.swift in Sources */,
				28E7633922134B5C008BD3D4 /* DetailViewController.swift in Sources */,
				28E762E922133B63008BD3D4 /* DetailCoordinator.swift in Sources */,
				28E762E5221339DE008BD3D4 /* Coordinator.swift in Sources */,
			);
			runOnlyForDeploymentPostprocessing = 0;
		};
/* End PBXSourcesBuildPhase section */

/* Begin PBXVariantGroup section */
		28E762DB221339C4008BD3D4 /* LaunchScreen.storyboard */ = {
			isa = PBXVariantGroup;
			children = (
				28E762DC221339C4008BD3D4 /* Base */,
			);
			name = LaunchScreen.storyboard;
			sourceTree = "<group>";
		};
/* End PBXVariantGroup section */

/* Begin XCBuildConfiguration section */
		28E762DF221339C4008BD3D4 /* Debug */ = {
			isa = XCBuildConfiguration;
			buildSettings = {
				ALWAYS_SEARCH_USER_PATHS = NO;
				CLANG_ANALYZER_NONNULL = YES;
				CLANG_ANALYZER_NUMBER_OBJECT_CONVERSION = YES_AGGRESSIVE;
				CLANG_CXX_LANGUAGE_STANDARD = "gnu++14";
				CLANG_CXX_LIBRARY = "libc++";
				CLANG_ENABLE_MODULES = YES;
				CLANG_ENABLE_OBJC_ARC = YES;
				CLANG_ENABLE_OBJC_WEAK = YES;
				CLANG_WARN_BLOCK_CAPTURE_AUTORELEASING = YES;
				CLANG_WARN_BOOL_CONVERSION = YES;
				CLANG_WARN_COMMA = YES;
				CLANG_WARN_CONSTANT_CONVERSION = YES;
				CLANG_WARN_DEPRECATED_OBJC_IMPLEMENTATIONS = YES;
				CLANG_WARN_DIRECT_OBJC_ISA_USAGE = YES_ERROR;
				CLANG_WARN_DOCUMENTATION_COMMENTS = YES;
				CLANG_WARN_EMPTY_BODY = YES;
				CLANG_WARN_ENUM_CONVERSION = YES;
				CLANG_WARN_INFINITE_RECURSION = YES;
				CLANG_WARN_INT_CONVERSION = YES;
				CLANG_WARN_NON_LITERAL_NULL_CONVERSION = YES;
				CLANG_WARN_OBJC_IMPLICIT_RETAIN_SELF = YES;
				CLANG_WARN_OBJC_LITERAL_CONVERSION = YES;
				CLANG_WARN_OBJC_ROOT_CLASS = YES_ERROR;
				CLANG_WARN_RANGE_LOOP_ANALYSIS = YES;
				CLANG_WARN_STRICT_PROTOTYPES = YES;
				CLANG_WARN_SUSPICIOUS_MOVE = YES;
				CLANG_WARN_UNGUARDED_AVAILABILITY = YES_AGGRESSIVE;
				CLANG_WARN_UNREACHABLE_CODE = YES;
				CLANG_WARN__DUPLICATE_METHOD_MATCH = YES;
				CODE_SIGN_IDENTITY = "iPhone Developer";
				COPY_PHASE_STRIP = NO;
				DEBUG_INFORMATION_FORMAT = dwarf;
				ENABLE_STRICT_OBJC_MSGSEND = YES;
				ENABLE_TESTABILITY = YES;
				GCC_C_LANGUAGE_STANDARD = gnu11;
				GCC_DYNAMIC_NO_PIC = NO;
				GCC_NO_COMMON_BLOCKS = YES;
				GCC_OPTIMIZATION_LEVEL = 0;
				GCC_PREPROCESSOR_DEFINITIONS = (
					"DEBUG=1",
					"$(inherited)",
				);
				GCC_WARN_64_TO_32_BIT_CONVERSION = YES;
				GCC_WARN_ABOUT_RETURN_TYPE = YES_ERROR;
				GCC_WARN_UNDECLARED_SELECTOR = YES;
				GCC_WARN_UNINITIALIZED_AUTOS = YES_AGGRESSIVE;
				GCC_WARN_UNUSED_FUNCTION = YES;
				GCC_WARN_UNUSED_VARIABLE = YES;
				IPHONEOS_DEPLOYMENT_TARGET = 12.1;
				MTL_ENABLE_DEBUG_INFO = INCLUDE_SOURCE;
				MTL_FAST_MATH = YES;
				ONLY_ACTIVE_ARCH = YES;
				SDKROOT = iphoneos;
				SWIFT_ACTIVE_COMPILATION_CONDITIONS = DEBUG;
				SWIFT_OPTIMIZATION_LEVEL = "-Onone";
			};
			name = Debug;
		};
		28E762E0221339C4008BD3D4 /* Release */ = {
			isa = XCBuildConfiguration;
			buildSettings = {
				ALWAYS_SEARCH_USER_PATHS = NO;
				CLANG_ANALYZER_NONNULL = YES;
				CLANG_ANALYZER_NUMBER_OBJECT_CONVERSION = YES_AGGRESSIVE;
				CLANG_CXX_LANGUAGE_STANDARD = "gnu++14";
				CLANG_CXX_LIBRARY = "libc++";
				CLANG_ENABLE_MODULES = YES;
				CLANG_ENABLE_OBJC_ARC = YES;
				CLANG_ENABLE_OBJC_WEAK = YES;
				CLANG_WARN_BLOCK_CAPTURE_AUTORELEASING = YES;
				CLANG_WARN_BOOL_CONVERSION = YES;
				CLANG_WARN_COMMA = YES;
				CLANG_WARN_CONSTANT_CONVERSION = YES;
				CLANG_WARN_DEPRECATED_OBJC_IMPLEMENTATIONS = YES;
				CLANG_WARN_DIRECT_OBJC_ISA_USAGE = YES_ERROR;
				CLANG_WARN_DOCUMENTATION_COMMENTS = YES;
				CLANG_WARN_EMPTY_BODY = YES;
				CLANG_WARN_ENUM_CONVERSION = YES;
				CLANG_WARN_INFINITE_RECURSION = YES;
				CLANG_WARN_INT_CONVERSION = YES;
				CLANG_WARN_NON_LITERAL_NULL_CONVERSION = YES;
				CLANG_WARN_OBJC_IMPLICIT_RETAIN_SELF = YES;
				CLANG_WARN_OBJC_LITERAL_CONVERSION = YES;
				CLANG_WARN_OBJC_ROOT_CLASS = YES_ERROR;
				CLANG_WARN_RANGE_LOOP_ANALYSIS = YES;
				CLANG_WARN_STRICT_PROTOTYPES = YES;
				CLANG_WARN_SUSPICIOUS_MOVE = YES;
				CLANG_WARN_UNGUARDED_AVAILABILITY = YES_AGGRESSIVE;
				CLANG_WARN_UNREACHABLE_CODE = YES;
				CLANG_WARN__DUPLICATE_METHOD_MATCH = YES;
				CODE_SIGN_IDENTITY = "iPhone Developer";
				COPY_PHASE_STRIP = NO;
				DEBUG_INFORMATION_FORMAT = "dwarf-with-dsym";
				ENABLE_NS_ASSERTIONS = NO;
				ENABLE_STRICT_OBJC_MSGSEND = YES;
				GCC_C_LANGUAGE_STANDARD = gnu11;
				GCC_NO_COMMON_BLOCKS = YES;
				GCC_WARN_64_TO_32_BIT_CONVERSION = YES;
				GCC_WARN_ABOUT_RETURN_TYPE = YES_ERROR;
				GCC_WARN_UNDECLARED_SELECTOR = YES;
				GCC_WARN_UNINITIALIZED_AUTOS = YES_AGGRESSIVE;
				GCC_WARN_UNUSED_FUNCTION = YES;
				GCC_WARN_UNUSED_VARIABLE = YES;
				IPHONEOS_DEPLOYMENT_TARGET = 12.1;
				MTL_ENABLE_DEBUG_INFO = NO;
				MTL_FAST_MATH = YES;
				SDKROOT = iphoneos;
				SWIFT_COMPILATION_MODE = wholemodule;
				SWIFT_OPTIMIZATION_LEVEL = "-O";
				VALIDATE_PRODUCT = YES;
			};
			name = Release;
		};
		28E762E2221339C4008BD3D4 /* Debug */ = {
			isa = XCBuildConfiguration;
			buildSettings = {
				ASSETCATALOG_COMPILER_APPICON_NAME = AppIcon;
				CODE_SIGN_STYLE = Automatic;
				INFOPLIST_FILE = ChildCoordinatorBasedCoordinator/Info.plist;
				LD_RUNPATH_SEARCH_PATHS = (
					"$(inherited)",
					"@executable_path/Frameworks",
				);
				PRODUCT_BUNDLE_IDENTIFIER = br.com.concrete.ChildCoordinatorBasedCoordinator;
				PRODUCT_NAME = "$(TARGET_NAME)";
				SWIFT_VERSION = 4.2;
				TARGETED_DEVICE_FAMILY = "1,2";
			};
			name = Debug;
		};
		28E762E3221339C4008BD3D4 /* Release */ = {
			isa = XCBuildConfiguration;
			buildSettings = {
				ASSETCATALOG_COMPILER_APPICON_NAME = AppIcon;
				CODE_SIGN_STYLE = Automatic;
				INFOPLIST_FILE = ChildCoordinatorBasedCoordinator/Info.plist;
				LD_RUNPATH_SEARCH_PATHS = (
					"$(inherited)",
					"@executable_path/Frameworks",
				);
				PRODUCT_BUNDLE_IDENTIFIER = br.com.concrete.ChildCoordinatorBasedCoordinator;
				PRODUCT_NAME = "$(TARGET_NAME)";
				SWIFT_VERSION = 4.2;
				TARGETED_DEVICE_FAMILY = "1,2";
			};
			name = Release;
		};
/* End XCBuildConfiguration section */

/* Begin XCConfigurationList section */
		28E762CA221339C2008BD3D4 /* Build configuration list for PBXProject "ChildCoordinatorBasedCoordinator" */ = {
			isa = XCConfigurationList;
			buildConfigurations = (
				28E762DF221339C4008BD3D4 /* Debug */,
				28E762E0221339C4008BD3D4 /* Release */,
			);
			defaultConfigurationIsVisible = 0;
			defaultConfigurationName = Release;
		};
		28E762E1221339C4008BD3D4 /* Build configuration list for PBXNativeTarget "ChildCoordinatorBasedCoordinator" */ = {
			isa = XCConfigurationList;
			buildConfigurations = (
				28E762E2221339C4008BD3D4 /* Debug */,
				28E762E3221339C4008BD3D4 /* Release */,
			);
			defaultConfigurationIsVisible = 0;
			defaultConfigurationName = Release;
		};
/* End XCConfigurationList section */
	};
	rootObject = 28E762C7221339C2008BD3D4 /* Project object */;
}
